
Microsoft Visual Studio Solution File, Format Version 12.00
# Visual Studio Version 17
VisualStudioVersion = 17.9.34622.214
MinimumVisualStudioVersion = 10.0.40219.1
Project("{9A19103F-16F7-4668-BE54-9A1E7A4F7556}") = "DesafioDeltaFire", "DesafioDeltaFire\DesafioDeltaFire.csproj", "{D6F2D6F9-BA61-444B-AD0C-C40CEACE05A3}"
EndProject
Project("{FAE04EC0-301F-11D3-BF4B-00C04F79EFBC}") = "TestesDesafioDeltaFire", "TestesDesafioDeltaFire\TestesDesafioDeltaFire.csproj", "{54D0986C-1FE1-4774-892C-55B8FBDEFF72}"
EndProject
Global
	GlobalSection(SolutionConfigurationPlatforms) = preSolution
		Debug|Any CPU = Debug|Any CPU
		Release|Any CPU = Release|Any CPU
	EndGlobalSection
	GlobalSection(ProjectConfigurationPlatforms) = postSolution
		{D6F2D6F9-BA61-444B-AD0C-C40CEACE05A3}.Debug|Any CPU.ActiveCfg = Debug|Any CPU
		{D6F2D6F9-BA61-444B-AD0C-C40CEACE05A3}.Debug|Any CPU.Build.0 = Debug|Any CPU
		{D6F2D6F9-BA61-444B-AD0C-C40CEACE05A3}.Release|Any CPU.ActiveCfg = Release|Any CPU
		{D6F2D6F9-BA61-444B-AD0C-C40CEACE05A3}.Release|Any CPU.Build.0 = Release|Any CPU
		{54D0986C-1FE1-4774-892C-55B8FBDEFF72}.Debug|Any CPU.ActiveCfg = Debug|Any CPU
		{54D0986C-1FE1-4774-892C-55B8FBDEFF72}.Debug|Any CPU.Build.0 = Debug|Any CPU
		{54D0986C-1FE1-4774-892C-55B8FBDEFF72}.Release|Any CPU.ActiveCfg = Release|Any CPU
		{54D0986C-1FE1-4774-892C-55B8FBDEFF72}.Release|Any CPU.Build.0 = Release|Any CPU
	EndGlobalSection
	GlobalSection(SolutionProperties) = preSolution
		HideSolutionNode = FALSE
	EndGlobalSection
	GlobalSection(ExtensibilityGlobals) = postSolution
		SolutionGuid = {C72F2795-E63D-4F48-8250-59807E6537F1}
	EndGlobalSection
EndGlobal
